
Microsoft Visual Studio Solution File, Format Version 12.00
# Visual Studio Version 16
VisualStudioVersion = 16.0.32228.343
MinimumVisualStudioVersion = 10.0.40219.1
Project("{9A19103F-16F7-4668-BE54-9A1E7A4F7556}") = "Roulette", "Roulette\Roulette.csproj", "{A1182FAE-A733-4654-A1AF-6C2646109CE9}"
EndProject
Project("{FAE04EC0-301F-11D3-BF4B-00C04F79EFBC}") = "RouletteTest", "RouletteTest\RouletteTest.csproj", "{CC4E7B0D-8C88-496E-A4B6-3F302ABAEA1D}"
EndProject
Global
	GlobalSection(SolutionConfigurationPlatforms) = preSolution
		Debug|Any CPU = Debug|Any CPU
		Release|Any CPU = Release|Any CPU
	EndGlobalSection
	GlobalSection(ProjectConfigurationPlatforms) = postSolution
		{A1182FAE-A733-4654-A1AF-6C2646109CE9}.Debug|Any CPU.ActiveCfg = Debug|Any CPU
		{A1182FAE-A733-4654-A1AF-6C2646109CE9}.Debug|Any CPU.Build.0 = Debug|Any CPU
		{A1182FAE-A733-4654-A1AF-6C2646109CE9}.Release|Any CPU.ActiveCfg = Release|Any CPU
		{A1182FAE-A733-4654-A1AF-6C2646109CE9}.Release|Any CPU.Build.0 = Release|Any CPU
		{CC4E7B0D-8C88-496E-A4B6-3F302ABAEA1D}.Debug|Any CPU.ActiveCfg = Debug|Any CPU
		{CC4E7B0D-8C88-496E-A4B6-3F302ABAEA1D}.Debug|Any CPU.Build.0 = Debug|Any CPU
		{CC4E7B0D-8C88-496E-A4B6-3F302ABAEA1D}.Release|Any CPU.ActiveCfg = Release|Any CPU
		{CC4E7B0D-8C88-496E-A4B6-3F302ABAEA1D}.Release|Any CPU.Build.0 = Release|Any CPU
	EndGlobalSection
	GlobalSection(SolutionProperties) = preSolution
		HideSolutionNode = FALSE
	EndGlobalSection
	GlobalSection(ExtensibilityGlobals) = postSolution
		SolutionGuid = {312DF5B3-A1F5-45E5-8E15-A83C7F6AF126}
	EndGlobalSection
EndGlobal
